version = 1
revision = 3
requires-python = "==3.13.*"

[[package]]
name = "khepri-advisory-canary"
version = "0"
source = { virtual = "." }
dependencies = [
    { name = "urllib3" },
]

[package.metadata]
requires-dist = [{ name = "urllib3", specifier = "==1.26.4" }]

[[package]]
name = "urllib3"
version = "1.26.4"
source = { registry = "https://pypi.org/simple" }
sdist = { url = "https://files.pythonhosted.org/packages/cb/cf/871177f1fc795c6c10787bc0e1f27bb6cf7b81dbde399fd35860472cecbc/urllib3-1.26.4.tar.gz", hash = "sha256:e7b021f7241115872f92f43c6508082facffbd1c048e3c6e2bb9c2a157e28937", size = 293008, upload-time = "2021-03-15T15:04:37.697Z" }
wheels = [
    { url = "https://files.pythonhosted.org/packages/09/c6/d3e3abe5b4f4f16cf0dfc9240ab7ce10c2baa0e268989a4e3ec19e90c84e/urllib3-1.26.4-py2.py3-none-any.whl", hash = "sha256:2f4da4594db7e1e110a944bb1b551fdf4e6c136ad42e4234131391e21eb5b0df", size = 153320, upload-time = "2021-03-15T15:04:35.709Z" },
]
